
Microsoft Visual Studio Solution File, Format Version 12.00
# Visual Studio 2013
VisualStudioVersion = 12.0.31101.0
MinimumVisualStudioVersion = 10.0.40219.1
Project("{FAE04EC0-301F-11D3-BF4B-00C04F79EFBC}") = "ImageGallery", "ImageGallery\ImageGallery.csproj", "{1C820040-B9CF-483A-A63E-3DB796FBC3E3}"
EndProject
Project("{FAE04EC0-301F-11D3-BF4B-00C04F79EFBC}") = "ImageGallery.Tests", "ImageGallery.Tests\ImageGallery.Tests.csproj", "{BD844509-8758-43BC-9ABC-E8FC5DAF14C6}"
EndProject
Global
	GlobalSection(SolutionConfigurationPlatforms) = preSolution
		Debug|Any CPU = Debug|Any CPU
		Release|Any CPU = Release|Any CPU
	EndGlobalSection
	GlobalSection(ProjectConfigurationPlatforms) = postSolution
		{1C820040-B9CF-483A-A63E-3DB796FBC3E3}.Debug|Any CPU.ActiveCfg = Debug|Any CPU
		{1C820040-B9CF-483A-A63E-3DB796FBC3E3}.Debug|Any CPU.Build.0 = Debug|Any CPU
		{1C820040-B9CF-483A-A63E-3DB796FBC3E3}.Release|Any CPU.ActiveCfg = Release|Any CPU
		{1C820040-B9CF-483A-A63E-3DB796FBC3E3}.Release|Any CPU.Build.0 = Release|Any CPU
		{BD844509-8758-43BC-9ABC-E8FC5DAF14C6}.Debug|Any CPU.ActiveCfg = Debug|Any CPU
		{BD844509-8758-43BC-9ABC-E8FC5DAF14C6}.Debug|Any CPU.Build.0 = Debug|Any CPU
		{BD844509-8758-43BC-9ABC-E8FC5DAF14C6}.Release|Any CPU.ActiveCfg = Release|Any CPU
		{BD844509-8758-43BC-9ABC-E8FC5DAF14C6}.Release|Any CPU.Build.0 = Release|Any CPU
	EndGlobalSection
	GlobalSection(SolutionProperties) = preSolution
		HideSolutionNode = FALSE
	EndGlobalSection
EndGlobal
